
Microsoft Visual Studio Solution File, Format Version 12.00
# Visual Studio 14
VisualStudioVersion = 14.0.24720.0
MinimumVisualStudioVersion = 10.0.40219.1
Project("{FAE04EC0-301F-11D3-BF4B-00C04F79EFBC}") = "Events", "Events\Events.csproj", "{36D4C8E0-1E23-4E2A-AE3E-723C80B4E0E0}"
EndProject
Project("{FAE04EC0-301F-11D3-BF4B-00C04F79EFBC}") = "Softuni Numerals", "Softuni Numerals\Softuni Numerals.csproj", "{C7C6B5ED-813F-4474-83E1-94BA69B0A90D}"
EndProject
Project("{FAE04EC0-301F-11D3-BF4B-00C04F79EFBC}") = "Parking System", "Parking System\Parking System.csproj", "{420A2381-25CE-4788-BF49-9E8D4625BA8B}"
EndProject
Project("{FAE04EC0-301F-11D3-BF4B-00C04F79EFBC}") = "Collect Resources", "Collect Resources\Collect Resources.csproj", "{72AFADB1-A33E-408A-BA3D-1385CD0D81E9}"
EndProject
Global
	GlobalSection(SolutionConfigurationPlatforms) = preSolution
		Debug|Any CPU = Debug|Any CPU
		Release|Any CPU = Release|Any CPU
	EndGlobalSection
	GlobalSection(ProjectConfigurationPlatforms) = postSolution
		{36D4C8E0-1E23-4E2A-AE3E-723C80B4E0E0}.Debug|Any CPU.ActiveCfg = Debug|Any CPU
		{36D4C8E0-1E23-4E2A-AE3E-723C80B4E0E0}.Debug|Any CPU.Build.0 = Debug|Any CPU
		{36D4C8E0-1E23-4E2A-AE3E-723C80B4E0E0}.Release|Any CPU.ActiveCfg = Release|Any CPU
		{36D4C8E0-1E23-4E2A-AE3E-723C80B4E0E0}.Release|Any CPU.Build.0 = Release|Any CPU
		{C7C6B5ED-813F-4474-83E1-94BA69B0A90D}.Debug|Any CPU.ActiveCfg = Debug|Any CPU
		{C7C6B5ED-813F-4474-83E1-94BA69B0A90D}.Debug|Any CPU.Build.0 = Debug|Any CPU
		{C7C6B5ED-813F-4474-83E1-94BA69B0A90D}.Release|Any CPU.ActiveCfg = Release|Any CPU
		{C7C6B5ED-813F-4474-83E1-94BA69B0A90D}.Release|Any CPU.Build.0 = Release|Any CPU
		{420A2381-25CE-4788-BF49-9E8D4625BA8B}.Debug|Any CPU.ActiveCfg = Debug|Any CPU
		{420A2381-25CE-4788-BF49-9E8D4625BA8B}.Debug|Any CPU.Build.0 = Debug|Any CPU
		{420A2381-25CE-4788-BF49-9E8D4625BA8B}.Release|Any CPU.ActiveCfg = Release|Any CPU
		{420A2381-25CE-4788-BF49-9E8D4625BA8B}.Release|Any CPU.Build.0 = Release|Any CPU
		{72AFADB1-A33E-408A-BA3D-1385CD0D81E9}.Debug|Any CPU.ActiveCfg = Debug|Any CPU
		{72AFADB1-A33E-408A-BA3D-1385CD0D81E9}.Debug|Any CPU.Build.0 = Debug|Any CPU
		{72AFADB1-A33E-408A-BA3D-1385CD0D81E9}.Release|Any CPU.ActiveCfg = Release|Any CPU
		{72AFADB1-A33E-408A-BA3D-1385CD0D81E9}.Release|Any CPU.Build.0 = Release|Any CPU
	EndGlobalSection
	GlobalSection(SolutionProperties) = preSolution
		HideSolutionNode = FALSE
	EndGlobalSection
EndGlobal
